
Microsoft Visual Studio Solution File, Format Version 12.00
# Visual Studio Version 17
VisualStudioVersion = 17.4.33213.308
MinimumVisualStudioVersion = 10.0.40219.1
Project("{FAE04EC0-301F-11D3-BF4B-00C04F79EFBC}") = "PrimjenaKontrola", "PrimjenaKontrola.csproj", "{E0AC2454-1F0A-4D56-8DF7-67CE41E49798}"
EndProject
Global
	GlobalSection(SolutionConfigurationPlatforms) = preSolution
		Debug|Any CPU = Debug|Any CPU
		Release|Any CPU = Release|Any CPU
	EndGlobalSection
	GlobalSection(ProjectConfigurationPlatforms) = postSolution
		{E0AC2454-1F0A-4D56-8DF7-67CE41E49798}.Debug|Any CPU.ActiveCfg = Debug|Any CPU
		{E0AC2454-1F0A-4D56-8DF7-67CE41E49798}.Debug|Any CPU.Build.0 = Debug|Any CPU
		{E0AC2454-1F0A-4D56-8DF7-67CE41E49798}.Release|Any CPU.ActiveCfg = Release|Any CPU
		{E0AC2454-1F0A-4D56-8DF7-67CE41E49798}.Release|Any CPU.Build.0 = Release|Any CPU
	EndGlobalSection
	GlobalSection(SolutionProperties) = preSolution
		HideSolutionNode = FALSE
	EndGlobalSection
	GlobalSection(ExtensibilityGlobals) = postSolution
		SolutionGuid = {BBFCE3DD-36AB-4DC3-8208-E127887D8691}
	EndGlobalSection
EndGlobal
